
Microsoft Visual Studio Solution File, Format Version 12.00
# Visual Studio Version 16
VisualStudioVersion = 16.0.30804.86
MinimumVisualStudioVersion = 10.0.40219.1
Project("{FAE04EC0-301F-11D3-BF4B-00C04F79EFBC}") = "WebAPIBank", "WebAPIBank.csproj", "{1EC28385-CB96-41D8-9CBC-C24381B847AB}"
EndProject
Global
	GlobalSection(SolutionConfigurationPlatforms) = preSolution
		Debug|Any CPU = Debug|Any CPU
		Release|Any CPU = Release|Any CPU
	EndGlobalSection
	GlobalSection(ProjectConfigurationPlatforms) = postSolution
		{1EC28385-CB96-41D8-9CBC-C24381B847AB}.Debug|Any CPU.ActiveCfg = Debug|Any CPU
		{1EC28385-CB96-41D8-9CBC-C24381B847AB}.Debug|Any CPU.Build.0 = Debug|Any CPU
		{1EC28385-CB96-41D8-9CBC-C24381B847AB}.Release|Any CPU.ActiveCfg = Release|Any CPU
		{1EC28385-CB96-41D8-9CBC-C24381B847AB}.Release|Any CPU.Build.0 = Release|Any CPU
	EndGlobalSection
	GlobalSection(SolutionProperties) = preSolution
		HideSolutionNode = FALSE
	EndGlobalSection
	GlobalSection(ExtensibilityGlobals) = postSolution
		SolutionGuid = {9C2754A9-8FF3-49BF-A165-4483BC4B69B8}
	EndGlobalSection
EndGlobal
